
Microsoft Visual Studio Solution File, Format Version 12.00
# Visual Studio Version 16
VisualStudioVersion = 16.0.32602.290
MinimumVisualStudioVersion = 10.0.40219.1
Project("{8BC9CEB8-8B4A-11D0-8D11-00A0C91BC942}") = "Enclave", "Enclave\Enclave.vcxproj", "{FBF7A37A-E995-4E0B-9FF4-D66B90C72DE8}"
EndProject
Project("{8BC9CEB8-8B4A-11D0-8D11-00A0C91BC942}") = "EnclaveWrapper", "EnclaveWrapper\EnclaveWrapper.vcxproj", "{6B834DC9-0E48-4F78-8C2B-7BFBA1EE6D1C}"
EndProject
Project("{9A19103F-16F7-4668-BE54-9A1E7A4F7556}") = "CallingApp", "CallingApp\CallingApp.csproj", "{02483725-883C-44DB-80D3-18F965A976D3}"
EndProject
Project("{9A19103F-16F7-4668-BE54-9A1E7A4F7556}") = "DeviceRegistration", "DeviceRegistration\DeviceRegistration.csproj", "{C89C08A2-6116-4911-8D5F-8EE115B15869}"
EndProject
Project("{9A19103F-16F7-4668-BE54-9A1E7A4F7556}") = "SimulateDevice", "SimulateDevice\SimulateDevice.csproj", "{C3472B86-1E81-414E-97CE-EAD07CD4141E}"
EndProject
Project("{9A19103F-16F7-4668-BE54-9A1E7A4F7556}") = "ReadDeviceToCloudMessage", "ReadDeviceToCloudMessage\ReadDeviceToCloudMessage.csproj", "{405F8635-E0A1-4FBE-83D5-EBB9CBBD0BC3}"
EndProject
Project("{9A19103F-16F7-4668-BE54-9A1E7A4F7556}") = "SendCloudToDevice", "SendCloudToDevice\SendCloudToDevice.csproj", "{4F161589-93BD-4A32-B0B2-2F170D31ACE7}"
EndProject
Project("{FAE04EC0-301F-11D3-BF4B-00C04F79EFBC}") = "CallingEnclaveWrapper", "CallingEnclaveWrapper\CallingEnclaveWrapper.csproj", "{0638CACE-9F9C-4EB8-BAFE-3CE58F4B0FA8}"
EndProject
Global
	GlobalSection(SolutionConfigurationPlatforms) = preSolution
		CVE-2020-0551-CF-Prerelease|Any CPU = CVE-2020-0551-CF-Prerelease|Any CPU
		CVE-2020-0551-CF-Prerelease|x64 = CVE-2020-0551-CF-Prerelease|x64
		CVE-2020-0551-CF-Prerelease|x86 = CVE-2020-0551-CF-Prerelease|x86
		CVE-2020-0551-CF-Release|Any CPU = CVE-2020-0551-CF-Release|Any CPU
		CVE-2020-0551-CF-Release|x64 = CVE-2020-0551-CF-Release|x64
		CVE-2020-0551-CF-Release|x86 = CVE-2020-0551-CF-Release|x86
		CVE-2020-0551-Load-Prerelease|Any CPU = CVE-2020-0551-Load-Prerelease|Any CPU
		CVE-2020-0551-Load-Prerelease|x64 = CVE-2020-0551-Load-Prerelease|x64
		CVE-2020-0551-Load-Prerelease|x86 = CVE-2020-0551-Load-Prerelease|x86
		CVE-2020-0551-Load-Release|Any CPU = CVE-2020-0551-Load-Release|Any CPU
		CVE-2020-0551-Load-Release|x64 = CVE-2020-0551-Load-Release|x64
		CVE-2020-0551-Load-Release|x86 = CVE-2020-0551-Load-Release|x86
		Debug|Any CPU = Debug|Any CPU
		Debug|x64 = Debug|x64
		Debug|x86 = Debug|x86
		Prerelease|Any CPU = Prerelease|Any CPU
		Prerelease|x64 = Prerelease|x64
		Prerelease|x86 = Prerelease|x86
		Release|Any CPU = Release|Any CPU
		Release|x64 = Release|x64
		Release|x86 = Release|x86
		Simulation|Any CPU = Simulation|Any CPU
		Simulation|x64 = Simulation|x64
		Simulation|x86 = Simulation|x86
	EndGlobalSection
	GlobalSection(ProjectConfigurationPlatforms) = postSolution
		{FBF7A37A-E995-4E0B-9FF4-D66B90C72DE8}.CVE-2020-0551-CF-Prerelease|Any CPU.ActiveCfg = CVE-2020-0551-CF-Prerelease|x64
		{FBF7A37A-E995-4E0B-9FF4-D66B90C72DE8}.CVE-2020-0551-CF-Prerelease|x64.ActiveCfg = CVE-2020-0551-CF-Prerelease|x64
		{FBF7A37A-E995-4E0B-9FF4-D66B90C72DE8}.CVE-2020-0551-CF-Prerelease|x64.Build.0 = CVE-2020-0551-CF-Prerelease|x64
		{FBF7A37A-E995-4E0B-9FF4-D66B90C72DE8}.CVE-2020-0551-CF-Prerelease|x86.ActiveCfg = CVE-2020-0551-CF-Prerelease|x64
		{FBF7A37A-E995-4E0B-9FF4-D66B90C72DE8}.CVE-2020-0551-CF-Release|Any CPU.ActiveCfg = CVE-2020-0551-CF-Release|x64
		{FBF7A37A-E995-4E0B-9FF4-D66B90C72DE8}.CVE-2020-0551-CF-Release|x64.ActiveCfg = CVE-2020-0551-CF-Release|x64
		{FBF7A37A-E995-4E0B-9FF4-D66B90C72DE8}.CVE-2020-0551-CF-Release|x64.Build.0 = CVE-2020-0551-CF-Release|x64
		{FBF7A37A-E995-4E0B-9FF4-D66B90C72DE8}.CVE-2020-0551-CF-Release|x86.ActiveCfg = CVE-2020-0551-CF-Release|x64
		{FBF7A37A-E995-4E0B-9FF4-D66B90C72DE8}.CVE-2020-0551-Load-Prerelease|Any CPU.ActiveCfg = CVE-2020-0551-Load-Prerelease|x64
		{FBF7A37A-E995-4E0B-9FF4-D66B90C72DE8}.CVE-2020-0551-Load-Prerelease|x64.ActiveCfg = CVE-2020-0551-Load-Prerelease|x64
		{FBF7A37A-E995-4E0B-9FF4-D66B90C72DE8}.CVE-2020-0551-Load-Prerelease|x64.Build.0 = CVE-2020-0551-Load-Prerelease|x64
		{FBF7A37A-E995-4E0B-9FF4-D66B90C72DE8}.CVE-2020-0551-Load-Prerelease|x86.ActiveCfg = CVE-2020-0551-Load-Prerelease|x64
		{FBF7A37A-E995-4E0B-9FF4-D66B90C72DE8}.CVE-2020-0551-Load-Release|Any CPU.ActiveCfg = CVE-2020-0551-Load-Release|x64
		{FBF7A37A-E995-4E0B-9FF4-D66B90C72DE8}.CVE-2020-0551-Load-Release|x64.ActiveCfg = CVE-2020-0551-Load-Release|x64
		{FBF7A37A-E995-4E0B-9FF4-D66B90C72DE8}.CVE-2020-0551-Load-Release|x64.Build.0 = CVE-2020-0551-Load-Release|x64
		{FBF7A37A-E995-4E0B-9FF4-D66B90C72DE8}.CVE-2020-0551-Load-Release|x86.ActiveCfg = CVE-2020-0551-Load-Release|x64
		{FBF7A37A-E995-4E0B-9FF4-D66B90C72DE8}.Debug|Any CPU.ActiveCfg = Debug|Win32
		{FBF7A37A-E995-4E0B-9FF4-D66B90C72DE8}.Debug|x64.ActiveCfg = Debug|x64
		{FBF7A37A-E995-4E0B-9FF4-D66B90C72DE8}.Debug|x64.Build.0 = Debug|x64
		{FBF7A37A-E995-4E0B-9FF4-D66B90C72DE8}.Debug|x86.ActiveCfg = Debug|Win32
		{FBF7A37A-E995-4E0B-9FF4-D66B90C72DE8}.Debug|x86.Build.0 = Debug|Win32
		{FBF7A37A-E995-4E0B-9FF4-D66B90C72DE8}.Prerelease|Any CPU.ActiveCfg = Prerelease|Win32
		{FBF7A37A-E995-4E0B-9FF4-D66B90C72DE8}.Prerelease|x64.ActiveCfg = Prerelease|x64
		{FBF7A37A-E995-4E0B-9FF4-D66B90C72DE8}.Prerelease|x64.Build.0 = Prerelease|x64
		{FBF7A37A-E995-4E0B-9FF4-D66B90C72DE8}.Prerelease|x86.ActiveCfg = Prerelease|Win32
		{FBF7A37A-E995-4E0B-9FF4-D66B90C72DE8}.Prerelease|x86.Build.0 = Prerelease|Win32
		{FBF7A37A-E995-4E0B-9FF4-D66B90C72DE8}.Release|Any CPU.ActiveCfg = Release|Win32
		{FBF7A37A-E995-4E0B-9FF4-D66B90C72DE8}.Release|x64.ActiveCfg = Release|x64
		{FBF7A37A-E995-4E0B-9FF4-D66B90C72DE8}.Release|x64.Build.0 = Release|x64
		{FBF7A37A-E995-4E0B-9FF4-D66B90C72DE8}.Release|x86.ActiveCfg = Release|Win32
		{FBF7A37A-E995-4E0B-9FF4-D66B90C72DE8}.Release|x86.Build.0 = Release|Win32
		{FBF7A37A-E995-4E0B-9FF4-D66B90C72DE8}.Simulation|Any CPU.ActiveCfg = Simulation|Win32
		{FBF7A37A-E995-4E0B-9FF4-D66B90C72DE8}.Simulation|x64.ActiveCfg = Simulation|x64
		{FBF7A37A-E995-4E0B-9FF4-D66B90C72DE8}.Simulation|x64.Build.0 = Simulation|x64
		{FBF7A37A-E995-4E0B-9FF4-D66B90C72DE8}.Simulation|x86.ActiveCfg = Simulation|Win32
		{FBF7A37A-E995-4E0B-9FF4-D66B90C72DE8}.Simulation|x86.Build.0 = Simulation|Win32
		{6B834DC9-0E48-4F78-8C2B-7BFBA1EE6D1C}.CVE-2020-0551-CF-Prerelease|Any CPU.ActiveCfg = Prerelease|x64
		{6B834DC9-0E48-4F78-8C2B-7BFBA1EE6D1C}.CVE-2020-0551-CF-Prerelease|Any CPU.Build.0 = Prerelease|x64
		{6B834DC9-0E48-4F78-8C2B-7BFBA1EE6D1C}.CVE-2020-0551-CF-Prerelease|x64.ActiveCfg = Debug|x64
		{6B834DC9-0E48-4F78-8C2B-7BFBA1EE6D1C}.CVE-2020-0551-CF-Prerelease|x64.Build.0 = Debug|x64
		{6B834DC9-0E48-4F78-8C2B-7BFBA1EE6D1C}.CVE-2020-0551-CF-Prerelease|x86.ActiveCfg = Debug|Win32
		{6B834DC9-0E48-4F78-8C2B-7BFBA1EE6D1C}.CVE-2020-0551-CF-Prerelease|x86.Build.0 = Debug|Win32
		{6B834DC9-0E48-4F78-8C2B-7BFBA1EE6D1C}.CVE-2020-0551-CF-Release|Any CPU.ActiveCfg = Prerelease|x64
		{6B834DC9-0E48-4F78-8C2B-7BFBA1EE6D1C}.CVE-2020-0551-CF-Release|Any CPU.Build.0 = Prerelease|x64
		{6B834DC9-0E48-4F78-8C2B-7BFBA1EE6D1C}.CVE-2020-0551-CF-Release|x64.ActiveCfg = Release|x64
		{6B834DC9-0E48-4F78-8C2B-7BFBA1EE6D1C}.CVE-2020-0551-CF-Release|x64.Build.0 = Release|x64
		{6B834DC9-0E48-4F78-8C2B-7BFBA1EE6D1C}.CVE-2020-0551-CF-Release|x86.ActiveCfg = Release|Win32
		{6B834DC9-0E48-4F78-8C2B-7BFBA1EE6D1C}.CVE-2020-0551-CF-Release|x86.Build.0 = Release|Win32
		{6B834DC9-0E48-4F78-8C2B-7BFBA1EE6D1C}.CVE-2020-0551-Load-Prerelease|Any CPU.ActiveCfg = Prerelease|x64
		{6B834DC9-0E48-4F78-8C2B-7BFBA1EE6D1C}.CVE-2020-0551-Load-Prerelease|Any CPU.Build.0 = Prerelease|x64
		{6B834DC9-0E48-4F78-8C2B-7BFBA1EE6D1C}.CVE-2020-0551-Load-Prerelease|x64.ActiveCfg = Debug|x64
		{6B834DC9-0E48-4F78-8C2B-7BFBA1EE6D1C}.CVE-2020-0551-Load-Prerelease|x64.Build.0 = Debug|x64
		{6B834DC9-0E48-4F78-8C2B-7BFBA1EE6D1C}.CVE-2020-0551-Load-Prerelease|x86.ActiveCfg = Debug|Win32
		{6B834DC9-0E48-4F78-8C2B-7BFBA1EE6D1C}.CVE-2020-0551-Load-Prerelease|x86.Build.0 = Debug|Win32
		{6B834DC9-0E48-4F78-8C2B-7BFBA1EE6D1C}.CVE-2020-0551-Load-Release|Any CPU.ActiveCfg = Prerelease|x64
		{6B834DC9-0E48-4F78-8C2B-7BFBA1EE6D1C}.CVE-2020-0551-Load-Release|Any CPU.Build.0 = Prerelease|x64
		{6B834DC9-0E48-4F78-8C2B-7BFBA1EE6D1C}.CVE-2020-0551-Load-Release|x64.ActiveCfg = Release|x64
		{6B834DC9-0E48-4F78-8C2B-7BFBA1EE6D1C}.CVE-2020-0551-Load-Release|x64.Build.0 = Release|x64
		{6B834DC9-0E48-4F78-8C2B-7BFBA1EE6D1C}.CVE-2020-0551-Load-Release|x86.ActiveCfg = Release|Win32
		{6B834DC9-0E48-4F78-8C2B-7BFBA1EE6D1C}.CVE-2020-0551-Load-Release|x86.Build.0 = Release|Win32
		{6B834DC9-0E48-4F78-8C2B-7BFBA1EE6D1C}.Debug|Any CPU.ActiveCfg = Debug|Win32
		{6B834DC9-0E48-4F78-8C2B-7BFBA1EE6D1C}.Debug|x64.ActiveCfg = Debug|x64
		{6B834DC9-0E48-4F78-8C2B-7BFBA1EE6D1C}.Debug|x64.Build.0 = Debug|x64
		{6B834DC9-0E48-4F78-8C2B-7BFBA1EE6D1C}.Debug|x86.ActiveCfg = Debug|Win32
		{6B834DC9-0E48-4F78-8C2B-7BFBA1EE6D1C}.Debug|x86.Build.0 = Debug|Win32
		{6B834DC9-0E48-4F78-8C2B-7BFBA1EE6D1C}.Prerelease|Any CPU.ActiveCfg = Prerelease|Win32
		{6B834DC9-0E48-4F78-8C2B-7BFBA1EE6D1C}.Prerelease|x64.ActiveCfg = Prerelease|x64
		{6B834DC9-0E48-4F78-8C2B-7BFBA1EE6D1C}.Prerelease|x64.Build.0 = Prerelease|x64
		{6B834DC9-0E48-4F78-8C2B-7BFBA1EE6D1C}.Prerelease|x86.ActiveCfg = Prerelease|Win32
		{6B834DC9-0E48-4F78-8C2B-7BFBA1EE6D1C}.Prerelease|x86.Build.0 = Prerelease|Win32
		{6B834DC9-0E48-4F78-8C2B-7BFBA1EE6D1C}.Release|Any CPU.ActiveCfg = Release|Win32
		{6B834DC9-0E48-4F78-8C2B-7BFBA1EE6D1C}.Release|x64.ActiveCfg = Release|x64
		{6B834DC9-0E48-4F78-8C2B-7BFBA1EE6D1C}.Release|x64.Build.0 = Release|x64
		{6B834DC9-0E48-4F78-8C2B-7BFBA1EE6D1C}.Release|x86.ActiveCfg = Release|Win32
		{6B834DC9-0E48-4F78-8C2B-7BFBA1EE6D1C}.Release|x86.Build.0 = Release|Win32
		{6B834DC9-0E48-4F78-8C2B-7BFBA1EE6D1C}.Simulation|Any CPU.ActiveCfg = Simulation|Win32
		{6B834DC9-0E48-4F78-8C2B-7BFBA1EE6D1C}.Simulation|x64.ActiveCfg = Simulation|x64
		{6B834DC9-0E48-4F78-8C2B-7BFBA1EE6D1C}.Simulation|x64.Build.0 = Simulation|x64
		{6B834DC9-0E48-4F78-8C2B-7BFBA1EE6D1C}.Simulation|x86.ActiveCfg = Simulation|Win32
		{6B834DC9-0E48-4F78-8C2B-7BFBA1EE6D1C}.Simulation|x86.Build.0 = Simulation|Win32
		{02483725-883C-44DB-80D3-18F965A976D3}.CVE-2020-0551-CF-Prerelease|Any CPU.ActiveCfg = Debug|Any CPU
		{02483725-883C-44DB-80D3-18F965A976D3}.CVE-2020-0551-CF-Prerelease|Any CPU.Build.0 = Debug|Any CPU
		{02483725-883C-44DB-80D3-18F965A976D3}.CVE-2020-0551-CF-Prerelease|x64.ActiveCfg = Debug|Any CPU
		{02483725-883C-44DB-80D3-18F965A976D3}.CVE-2020-0551-CF-Prerelease|x64.Build.0 = Debug|Any CPU
		{02483725-883C-44DB-80D3-18F965A976D3}.CVE-2020-0551-CF-Prerelease|x86.ActiveCfg = Debug|Any CPU
		{02483725-883C-44DB-80D3-18F965A976D3}.CVE-2020-0551-CF-Prerelease|x86.Build.0 = Debug|Any CPU
		{02483725-883C-44DB-80D3-18F965A976D3}.CVE-2020-0551-CF-Release|Any CPU.ActiveCfg = Release|Any CPU
		{02483725-883C-44DB-80D3-18F965A976D3}.CVE-2020-0551-CF-Release|Any CPU.Build.0 = Release|Any CPU
		{02483725-883C-44DB-80D3-18F965A976D3}.CVE-2020-0551-CF-Release|x64.ActiveCfg = Release|Any CPU
		{02483725-883C-44DB-80D3-18F965A976D3}.CVE-2020-0551-CF-Release|x64.Build.0 = Release|Any CPU
		{02483725-883C-44DB-80D3-18F965A976D3}.CVE-2020-0551-CF-Release|x86.ActiveCfg = Release|Any CPU
		{02483725-883C-44DB-80D3-18F965A976D3}.CVE-2020-0551-CF-Release|x86.Build.0 = Release|Any CPU
		{02483725-883C-44DB-80D3-18F965A976D3}.CVE-2020-0551-Load-Prerelease|Any CPU.ActiveCfg = Debug|Any CPU
		{02483725-883C-44DB-80D3-18F965A976D3}.CVE-2020-0551-Load-Prerelease|Any CPU.Build.0 = Debug|Any CPU
		{02483725-883C-44DB-80D3-18F965A976D3}.CVE-2020-0551-Load-Prerelease|x64.ActiveCfg = Debug|Any CPU
		{02483725-883C-44DB-80D3-18F965A976D3}.CVE-2020-0551-Load-Prerelease|x64.Build.0 = Debug|Any CPU
		{02483725-883C-44DB-80D3-18F965A976D3}.CVE-2020-0551-Load-Prerelease|x86.ActiveCfg = Debug|Any CPU
		{02483725-883C-44DB-80D3-18F965A976D3}.CVE-2020-0551-Load-Prerelease|x86.Build.0 = Debug|Any CPU
		{02483725-883C-44DB-80D3-18F965A976D3}.CVE-2020-0551-Load-Release|Any CPU.ActiveCfg = Release|Any CPU
		{02483725-883C-44DB-80D3-18F965A976D3}.CVE-2020-0551-Load-Release|Any CPU.Build.0 = Release|Any CPU
		{02483725-883C-44DB-80D3-18F965A976D3}.CVE-2020-0551-Load-Release|x64.ActiveCfg = Release|Any CPU
		{02483725-883C-44DB-80D3-18F965A976D3}.CVE-2020-0551-Load-Release|x64.Build.0 = Release|Any CPU
		{02483725-883C-44DB-80D3-18F965A976D3}.CVE-2020-0551-Load-Release|x86.ActiveCfg = Release|Any CPU
		{02483725-883C-44DB-80D3-18F965A976D3}.CVE-2020-0551-Load-Release|x86.Build.0 = Release|Any CPU
		{02483725-883C-44DB-80D3-18F965A976D3}.Debug|Any CPU.ActiveCfg = Debug|Any CPU
		{02483725-883C-44DB-80D3-18F965A976D3}.Debug|Any CPU.Build.0 = Debug|Any CPU
		{02483725-883C-44DB-80D3-18F965A976D3}.Debug|x64.ActiveCfg = Debug|Any CPU
		{02483725-883C-44DB-80D3-18F965A976D3}.Debug|x64.Build.0 = Debug|Any CPU
		{02483725-883C-44DB-80D3-18F965A976D3}.Debug|x86.ActiveCfg = Debug|Any CPU
		{02483725-883C-44DB-80D3-18F965A976D3}.Debug|x86.Build.0 = Debug|Any CPU
		{02483725-883C-44DB-80D3-18F965A976D3}.Prerelease|Any CPU.ActiveCfg = Debug|Any CPU
		{02483725-883C-44DB-80D3-18F965A976D3}.Prerelease|Any CPU.Build.0 = Debug|Any CPU
		{02483725-883C-44DB-80D3-18F965A976D3}.Prerelease|x64.ActiveCfg = Debug|Any CPU
		{02483725-883C-44DB-80D3-18F965A976D3}.Prerelease|x64.Build.0 = Debug|Any CPU
		{02483725-883C-44DB-80D3-18F965A976D3}.Prerelease|x86.ActiveCfg = Debug|Any CPU
		{02483725-883C-44DB-80D3-18F965A976D3}.Prerelease|x86.Build.0 = Debug|Any CPU
		{02483725-883C-44DB-80D3-18F965A976D3}.Release|Any CPU.ActiveCfg = Release|Any CPU
		{02483725-883C-44DB-80D3-18F965A976D3}.Release|Any CPU.Build.0 = Release|Any CPU
		{02483725-883C-44DB-80D3-18F965A976D3}.Release|x64.ActiveCfg = Release|Any CPU
		{02483725-883C-44DB-80D3-18F965A976D3}.Release|x64.Build.0 = Release|Any CPU
		{02483725-883C-44DB-80D3-18F965A976D3}.Release|x86.ActiveCfg = Release|Any CPU
		{02483725-883C-44DB-80D3-18F965A976D3}.Release|x86.Build.0 = Release|Any CPU
		{02483725-883C-44DB-80D3-18F965A976D3}.Simulation|Any CPU.ActiveCfg = Debug|Any CPU
		{02483725-883C-44DB-80D3-18F965A976D3}.Simulation|Any CPU.Build.0 = Debug|Any CPU
		{02483725-883C-44DB-80D3-18F965A976D3}.Simulation|x64.ActiveCfg = Debug|Any CPU
		{02483725-883C-44DB-80D3-18F965A976D3}.Simulation|x64.Build.0 = Debug|Any CPU
		{02483725-883C-44DB-80D3-18F965A976D3}.Simulation|x86.ActiveCfg = Debug|Any CPU
		{02483725-883C-44DB-80D3-18F965A976D3}.Simulation|x86.Build.0 = Debug|Any CPU
		{C89C08A2-6116-4911-8D5F-8EE115B15869}.CVE-2020-0551-CF-Prerelease|Any CPU.ActiveCfg = Debug|Any CPU
		{C89C08A2-6116-4911-8D5F-8EE115B15869}.CVE-2020-0551-CF-Prerelease|Any CPU.Build.0 = Debug|Any CPU
		{C89C08A2-6116-4911-8D5F-8EE115B15869}.CVE-2020-0551-CF-Prerelease|x64.ActiveCfg = Debug|Any CPU
		{C89C08A2-6116-4911-8D5F-8EE115B15869}.CVE-2020-0551-CF-Prerelease|x64.Build.0 = Debug|Any CPU
		{C89C08A2-6116-4911-8D5F-8EE115B15869}.CVE-2020-0551-CF-Prerelease|x86.ActiveCfg = Debug|Any CPU
		{C89C08A2-6116-4911-8D5F-8EE115B15869}.CVE-2020-0551-CF-Prerelease|x86.Build.0 = Debug|Any CPU
		{C89C08A2-6116-4911-8D5F-8EE115B15869}.CVE-2020-0551-CF-Release|Any CPU.ActiveCfg = Release|Any CPU
		{C89C08A2-6116-4911-8D5F-8EE115B15869}.CVE-2020-0551-CF-Release|Any CPU.Build.0 = Release|Any CPU
		{C89C08A2-6116-4911-8D5F-8EE115B15869}.CVE-2020-0551-CF-Release|x64.ActiveCfg = Release|Any CPU
		{C89C08A2-6116-4911-8D5F-8EE115B15869}.CVE-2020-0551-CF-Release|x64.Build.0 = Release|Any CPU
		{C89C08A2-6116-4911-8D5F-8EE115B15869}.CVE-2020-0551-CF-Release|x86.ActiveCfg = Release|Any CPU
		{C89C08A2-6116-4911-8D5F-8EE115B15869}.CVE-2020-0551-CF-Release|x86.Build.0 = Release|Any CPU
		{C89C08A2-6116-4911-8D5F-8EE115B15869}.CVE-2020-0551-Load-Prerelease|Any CPU.ActiveCfg = Debug|Any CPU
		{C89C08A2-6116-4911-8D5F-8EE115B15869}.CVE-2020-0551-Load-Prerelease|Any CPU.Build.0 = Debug|Any CPU
		{C89C08A2-6116-4911-8D5F-8EE115B15869}.CVE-2020-0551-Load-Prerelease|x64.ActiveCfg = Debug|Any CPU
		{C89C08A2-6116-4911-8D5F-8EE115B15869}.CVE-2020-0551-Load-Prerelease|x64.Build.0 = Debug|Any CPU
		{C89C08A2-6116-4911-8D5F-8EE115B15869}.CVE-2020-0551-Load-Prerelease|x86.ActiveCfg = Debug|Any CPU
		{C89C08A2-6116-4911-8D5F-8EE115B15869}.CVE-2020-0551-Load-Prerelease|x86.Build.0 = Debug|Any CPU
		{C89C08A2-6116-4911-8D5F-8EE115B15869}.CVE-2020-0551-Load-Release|Any CPU.ActiveCfg = Release|Any CPU
		{C89C08A2-6116-4911-8D5F-8EE115B15869}.CVE-2020-0551-Load-Release|Any CPU.Build.0 = Release|Any CPU
		{C89C08A2-6116-4911-8D5F-8EE115B15869}.CVE-2020-0551-Load-Release|x64.ActiveCfg = Release|Any CPU
		{C89C08A2-6116-4911-8D5F-8EE115B15869}.CVE-2020-0551-Load-Release|x64.Build.0 = Release|Any CPU
		{C89C08A2-6116-4911-8D5F-8EE115B15869}.CVE-2020-0551-Load-Release|x86.ActiveCfg = Release|Any CPU
		{C89C08A2-6116-4911-8D5F-8EE115B15869}.CVE-2020-0551-Load-Release|x86.Build.0 = Release|Any CPU
		{C89C08A2-6116-4911-8D5F-8EE115B15869}.Debug|Any CPU.ActiveCfg = Debug|Any CPU
		{C89C08A2-6116-4911-8D5F-8EE115B15869}.Debug|Any CPU.Build.0 = Debug|Any CPU
		{C89C08A2-6116-4911-8D5F-8EE115B15869}.Debug|x64.ActiveCfg = Debug|Any CPU
		{C89C08A2-6116-4911-8D5F-8EE115B15869}.Debug|x64.Build.0 = Debug|Any CPU
		{C89C08A2-6116-4911-8D5F-8EE115B15869}.Debug|x86.ActiveCfg = Debug|Any CPU
		{C89C08A2-6116-4911-8D5F-8EE115B15869}.Debug|x86.Build.0 = Debug|Any CPU
		{C89C08A2-6116-4911-8D5F-8EE115B15869}.Prerelease|Any CPU.ActiveCfg = Debug|Any CPU
		{C89C08A2-6116-4911-8D5F-8EE115B15869}.Prerelease|Any CPU.Build.0 = Debug|Any CPU
		{C89C08A2-6116-4911-8D5F-8EE115B15869}.Prerelease|x64.ActiveCfg = Debug|Any CPU
		{C89C08A2-6116-4911-8D5F-8EE115B15869}.Prerelease|x64.Build.0 = Debug|Any CPU
		{C89C08A2-6116-4911-8D5F-8EE115B15869}.Prerelease|x86.ActiveCfg = Debug|Any CPU
		{C89C08A2-6116-4911-8D5F-8EE115B15869}.Prerelease|x86.Build.0 = Debug|Any CPU
		{C89C08A2-6116-4911-8D5F-8EE115B15869}.Release|Any CPU.ActiveCfg = Release|Any CPU
		{C89C08A2-6116-4911-8D5F-8EE115B15869}.Release|Any CPU.Build.0 = Release|Any CPU
		{C89C08A2-6116-4911-8D5F-8EE115B15869}.Release|x64.ActiveCfg = Release|Any CPU
		{C89C08A2-6116-4911-8D5F-8EE115B15869}.Release|x64.Build.0 = Release|Any CPU
		{C89C08A2-6116-4911-8D5F-8EE115B15869}.Release|x86.ActiveCfg = Release|Any CPU
		{C89C08A2-6116-4911-8D5F-8EE115B15869}.Release|x86.Build.0 = Release|Any CPU
		{C89C08A2-6116-4911-8D5F-8EE115B15869}.Simulation|Any CPU.ActiveCfg = Debug|Any CPU
		{C89C08A2-6116-4911-8D5F-8EE115B15869}.Simulation|Any CPU.Build.0 = Debug|Any CPU
		{C89C08A2-6116-4911-8D5F-8EE115B15869}.Simulation|x64.ActiveCfg = Debug|Any CPU
		{C89C08A2-6116-4911-8D5F-8EE115B15869}.Simulation|x64.Build.0 = Debug|Any CPU
		{C89C08A2-6116-4911-8D5F-8EE115B15869}.Simulation|x86.ActiveCfg = Debug|Any CPU
		{C89C08A2-6116-4911-8D5F-8EE115B15869}.Simulation|x86.Build.0 = Debug|Any CPU
		{C3472B86-1E81-414E-97CE-EAD07CD4141E}.CVE-2020-0551-CF-Prerelease|Any CPU.ActiveCfg = Debug|Any CPU
		{C3472B86-1E81-414E-97CE-EAD07CD4141E}.CVE-2020-0551-CF-Prerelease|Any CPU.Build.0 = Debug|Any CPU
		{C3472B86-1E81-414E-97CE-EAD07CD4141E}.CVE-2020-0551-CF-Prerelease|x64.ActiveCfg = Debug|Any CPU
		{C3472B86-1E81-414E-97CE-EAD07CD4141E}.CVE-2020-0551-CF-Prerelease|x64.Build.0 = Debug|Any CPU
		{C3472B86-1E81-414E-97CE-EAD07CD4141E}.CVE-2020-0551-CF-Prerelease|x86.ActiveCfg = Debug|Any CPU
		{C3472B86-1E81-414E-97CE-EAD07CD4141E}.CVE-2020-0551-CF-Prerelease|x86.Build.0 = Debug|Any CPU
		{C3472B86-1E81-414E-97CE-EAD07CD4141E}.CVE-2020-0551-CF-Release|Any CPU.ActiveCfg = Release|Any CPU
		{C3472B86-1E81-414E-97CE-EAD07CD4141E}.CVE-2020-0551-CF-Release|Any CPU.Build.0 = Release|Any CPU
		{C3472B86-1E81-414E-97CE-EAD07CD4141E}.CVE-2020-0551-CF-Release|x64.ActiveCfg = Release|Any CPU
		{C3472B86-1E81-414E-97CE-EAD07CD4141E}.CVE-2020-0551-CF-Release|x64.Build.0 = Release|Any CPU
		{C3472B86-1E81-414E-97CE-EAD07CD4141E}.CVE-2020-0551-CF-Release|x86.ActiveCfg = Release|Any CPU
		{C3472B86-1E81-414E-97CE-EAD07CD4141E}.CVE-2020-0551-CF-Release|x86.Build.0 = Release|Any CPU
		{C3472B86-1E81-414E-97CE-EAD07CD4141E}.CVE-2020-0551-Load-Prerelease|Any CPU.ActiveCfg = Debug|Any CPU
		{C3472B86-1E81-414E-97CE-EAD07CD4141E}.CVE-2020-0551-Load-Prerelease|Any CPU.Build.0 = Debug|Any CPU
		{C3472B86-1E81-414E-97CE-EAD07CD4141E}.CVE-2020-0551-Load-Prerelease|x64.ActiveCfg = Debug|Any CPU
		{C3472B86-1E81-414E-97CE-EAD07CD4141E}.CVE-2020-0551-Load-Prerelease|x64.Build.0 = Debug|Any CPU
		{C3472B86-1E81-414E-97CE-EAD07CD4141E}.CVE-2020-0551-Load-Prerelease|x86.ActiveCfg = Debug|Any CPU
		{C3472B86-1E81-414E-97CE-EAD07CD4141E}.CVE-2020-0551-Load-Prerelease|x86.Build.0 = Debug|Any CPU
		{C3472B86-1E81-414E-97CE-EAD07CD4141E}.CVE-2020-0551-Load-Release|Any CPU.ActiveCfg = Release|Any CPU
		{C3472B86-1E81-414E-97CE-EAD07CD4141E}.CVE-2020-0551-Load-Release|Any CPU.Build.0 = Release|Any CPU
		{C3472B86-1E81-414E-97CE-EAD07CD4141E}.CVE-2020-0551-Load-Release|x64.ActiveCfg = Release|Any CPU
		{C3472B86-1E81-414E-97CE-EAD07CD4141E}.CVE-2020-0551-Load-Release|x64.Build.0 = Release|Any CPU
		{C3472B86-1E81-414E-97CE-EAD07CD4141E}.CVE-2020-0551-Load-Release|x86.ActiveCfg = Release|Any CPU
		{C3472B86-1E81-414E-97CE-EAD07CD4141E}.CVE-2020-0551-Load-Release|x86.Build.0 = Release|Any CPU
		{C3472B86-1E81-414E-97CE-EAD07CD4141E}.Debug|Any CPU.ActiveCfg = Debug|Any CPU
		{C3472B86-1E81-414E-97CE-EAD07CD4141E}.Debug|Any CPU.Build.0 = Debug|Any CPU
		{C3472B86-1E81-414E-97CE-EAD07CD4141E}.Debug|x64.ActiveCfg = Debug|Any CPU
		{C3472B86-1E81-414E-97CE-EAD07CD4141E}.Debug|x64.Build.0 = Debug|Any CPU
		{C3472B86-1E81-414E-97CE-EAD07CD4141E}.Debug|x86.ActiveCfg = Debug|Any CPU
		{C3472B86-1E81-414E-97CE-EAD07CD4141E}.Debug|x86.Build.0 = Debug|Any CPU
		{C3472B86-1E81-414E-97CE-EAD07CD4141E}.Prerelease|Any CPU.ActiveCfg = Debug|Any CPU
		{C3472B86-1E81-414E-97CE-EAD07CD4141E}.Prerelease|Any CPU.Build.0 = Debug|Any CPU
		{C3472B86-1E81-414E-97CE-EAD07CD4141E}.Prerelease|x64.ActiveCfg = Debug|Any CPU
		{C3472B86-1E81-414E-97CE-EAD07CD4141E}.Prerelease|x64.Build.0 = Debug|Any CPU
		{C3472B86-1E81-414E-97CE-EAD07CD4141E}.Prerelease|x86.ActiveCfg = Debug|Any CPU
		{C3472B86-1E81-414E-97CE-EAD07CD4141E}.Prerelease|x86.Build.0 = Debug|Any CPU
		{C3472B86-1E81-414E-97CE-EAD07CD4141E}.Release|Any CPU.ActiveCfg = Release|Any CPU
		{C3472B86-1E81-414E-97CE-EAD07CD4141E}.Release|Any CPU.Build.0 = Release|Any CPU
		{C3472B86-1E81-414E-97CE-EAD07CD4141E}.Release|x64.ActiveCfg = Release|Any CPU
		{C3472B86-1E81-414E-97CE-EAD07CD4141E}.Release|x64.Build.0 = Release|Any CPU
		{C3472B86-1E81-414E-97CE-EAD07CD4141E}.Release|x86.ActiveCfg = Release|Any CPU
		{C3472B86-1E81-414E-97CE-EAD07CD4141E}.Release|x86.Build.0 = Release|Any CPU
		{C3472B86-1E81-414E-97CE-EAD07CD4141E}.Simulation|Any CPU.ActiveCfg = Debug|Any CPU
		{C3472B86-1E81-414E-97CE-EAD07CD4141E}.Simulation|Any CPU.Build.0 = Debug|Any CPU
		{C3472B86-1E81-414E-97CE-EAD07CD4141E}.Simulation|x64.ActiveCfg = Debug|Any CPU
		{C3472B86-1E81-414E-97CE-EAD07CD4141E}.Simulation|x64.Build.0 = Debug|Any CPU
		{C3472B86-1E81-414E-97CE-EAD07CD4141E}.Simulation|x86.ActiveCfg = Debug|Any CPU
		{C3472B86-1E81-414E-97CE-EAD07CD4141E}.Simulation|x86.Build.0 = Debug|Any CPU
		{405F8635-E0A1-4FBE-83D5-EBB9CBBD0BC3}.CVE-2020-0551-CF-Prerelease|Any CPU.ActiveCfg = Debug|Any CPU
		{405F8635-E0A1-4FBE-83D5-EBB9CBBD0BC3}.CVE-2020-0551-CF-Prerelease|Any CPU.Build.0 = Debug|Any CPU
		{405F8635-E0A1-4FBE-83D5-EBB9CBBD0BC3}.CVE-2020-0551-CF-Prerelease|x64.ActiveCfg = Debug|Any CPU
		{405F8635-E0A1-4FBE-83D5-EBB9CBBD0BC3}.CVE-2020-0551-CF-Prerelease|x64.Build.0 = Debug|Any CPU
		{405F8635-E0A1-4FBE-83D5-EBB9CBBD0BC3}.CVE-2020-0551-CF-Prerelease|x86.ActiveCfg = Debug|Any CPU
		{405F8635-E0A1-4FBE-83D5-EBB9CBBD0BC3}.CVE-2020-0551-CF-Prerelease|x86.Build.0 = Debug|Any CPU
		{405F8635-E0A1-4FBE-83D5-EBB9CBBD0BC3}.CVE-2020-0551-CF-Release|Any CPU.ActiveCfg = Release|Any CPU
		{405F8635-E0A1-4FBE-83D5-EBB9CBBD0BC3}.CVE-2020-0551-CF-Release|Any CPU.Build.0 = Release|Any CPU
		{405F8635-E0A1-4FBE-83D5-EBB9CBBD0BC3}.CVE-2020-0551-CF-Release|x64.ActiveCfg = Release|Any CPU
		{405F8635-E0A1-4FBE-83D5-EBB9CBBD0BC3}.CVE-2020-0551-CF-Release|x64.Build.0 = Release|Any CPU
		{405F8635-E0A1-4FBE-83D5-EBB9CBBD0BC3}.CVE-2020-0551-CF-Release|x86.ActiveCfg = Release|Any CPU
		{405F8635-E0A1-4FBE-83D5-EBB9CBBD0BC3}.CVE-2020-0551-CF-Release|x86.Build.0 = Release|Any CPU
		{405F8635-E0A1-4FBE-83D5-EBB9CBBD0BC3}.CVE-2020-0551-Load-Prerelease|Any CPU.ActiveCfg = Debug|Any CPU
		{405F8635-E0A1-4FBE-83D5-EBB9CBBD0BC3}.CVE-2020-0551-Load-Prerelease|Any CPU.Build.0 = Debug|Any CPU
		{405F8635-E0A1-4FBE-83D5-EBB9CBBD0BC3}.CVE-2020-0551-Load-Prerelease|x64.ActiveCfg = Debug|Any CPU
		{405F8635-E0A1-4FBE-83D5-EBB9CBBD0BC3}.CVE-2020-0551-Load-Prerelease|x64.Build.0 = Debug|Any CPU
		{405F8635-E0A1-4FBE-83D5-EBB9CBBD0BC3}.CVE-2020-0551-Load-Prerelease|x86.ActiveCfg = Debug|Any CPU
		{405F8635-E0A1-4FBE-83D5-EBB9CBBD0BC3}.CVE-2020-0551-Load-Prerelease|x86.Build.0 = Debug|Any CPU
		{405F8635-E0A1-4FBE-83D5-EBB9CBBD0BC3}.CVE-2020-0551-Load-Release|Any CPU.ActiveCfg = Release|Any CPU
		{405F8635-E0A1-4FBE-83D5-EBB9CBBD0BC3}.CVE-2020-0551-Load-Release|Any CPU.Build.0 = Release|Any CPU
		{405F8635-E0A1-4FBE-83D5-EBB9CBBD0BC3}.CVE-2020-0551-Load-Release|x64.ActiveCfg = Release|Any CPU
		{405F8635-E0A1-4FBE-83D5-EBB9CBBD0BC3}.CVE-2020-0551-Load-Release|x64.Build.0 = Release|Any CPU
		{405F8635-E0A1-4FBE-83D5-EBB9CBBD0BC3}.CVE-2020-0551-Load-Release|x86.ActiveCfg = Release|Any CPU
		{405F8635-E0A1-4FBE-83D5-EBB9CBBD0BC3}.CVE-2020-0551-Load-Release|x86.Build.0 = Release|Any CPU
		{405F8635-E0A1-4FBE-83D5-EBB9CBBD0BC3}.Debug|Any CPU.ActiveCfg = Debug|Any CPU
		{405F8635-E0A1-4FBE-83D5-EBB9CBBD0BC3}.Debug|Any CPU.Build.0 = Debug|Any CPU
		{405F8635-E0A1-4FBE-83D5-EBB9CBBD0BC3}.Debug|x64.ActiveCfg = Debug|Any CPU
		{405F8635-E0A1-4FBE-83D5-EBB9CBBD0BC3}.Debug|x64.Build.0 = Debug|Any CPU
		{405F8635-E0A1-4FBE-83D5-EBB9CBBD0BC3}.Debug|x86.ActiveCfg = Debug|Any CPU
		{405F8635-E0A1-4FBE-83D5-EBB9CBBD0BC3}.Debug|x86.Build.0 = Debug|Any CPU
		{405F8635-E0A1-4FBE-83D5-EBB9CBBD0BC3}.Prerelease|Any CPU.ActiveCfg = Debug|Any CPU
		{405F8635-E0A1-4FBE-83D5-EBB9CBBD0BC3}.Prerelease|Any CPU.Build.0 = Debug|Any CPU
		{405F8635-E0A1-4FBE-83D5-EBB9CBBD0BC3}.Prerelease|x64.ActiveCfg = Debug|Any CPU
		{405F8635-E0A1-4FBE-83D5-EBB9CBBD0BC3}.Prerelease|x64.Build.0 = Debug|Any CPU
		{405F8635-E0A1-4FBE-83D5-EBB9CBBD0BC3}.Prerelease|x86.ActiveCfg = Debug|Any CPU
		{405F8635-E0A1-4FBE-83D5-EBB9CBBD0BC3}.Prerelease|x86.Build.0 = Debug|Any CPU
		{405F8635-E0A1-4FBE-83D5-EBB9CBBD0BC3}.Release|Any CPU.ActiveCfg = Release|Any CPU
		{405F8635-E0A1-4FBE-83D5-EBB9CBBD0BC3}.Release|Any CPU.Build.0 = Release|Any CPU
		{405F8635-E0A1-4FBE-83D5-EBB9CBBD0BC3}.Release|x64.ActiveCfg = Release|Any CPU
		{405F8635-E0A1-4FBE-83D5-EBB9CBBD0BC3}.Release|x64.Build.0 = Release|Any CPU
		{405F8635-E0A1-4FBE-83D5-EBB9CBBD0BC3}.Release|x86.ActiveCfg = Release|Any CPU
		{405F8635-E0A1-4FBE-83D5-EBB9CBBD0BC3}.Release|x86.Build.0 = Release|Any CPU
		{405F8635-E0A1-4FBE-83D5-EBB9CBBD0BC3}.Simulation|Any CPU.ActiveCfg = Debug|Any CPU
		{405F8635-E0A1-4FBE-83D5-EBB9CBBD0BC3}.Simulation|Any CPU.Build.0 = Debug|Any CPU
		{405F8635-E0A1-4FBE-83D5-EBB9CBBD0BC3}.Simulation|x64.ActiveCfg = Debug|Any CPU
		{405F8635-E0A1-4FBE-83D5-EBB9CBBD0BC3}.Simulation|x64.Build.0 = Debug|Any CPU
		{405F8635-E0A1-4FBE-83D5-EBB9CBBD0BC3}.Simulation|x86.ActiveCfg = Debug|Any CPU
		{405F8635-E0A1-4FBE-83D5-EBB9CBBD0BC3}.Simulation|x86.Build.0 = Debug|Any CPU
		{4F161589-93BD-4A32-B0B2-2F170D31ACE7}.CVE-2020-0551-CF-Prerelease|Any CPU.ActiveCfg = Debug|Any CPU
		{4F161589-93BD-4A32-B0B2-2F170D31ACE7}.CVE-2020-0551-CF-Prerelease|Any CPU.Build.0 = Debug|Any CPU
		{4F161589-93BD-4A32-B0B2-2F170D31ACE7}.CVE-2020-0551-CF-Prerelease|x64.ActiveCfg = Debug|Any CPU
		{4F161589-93BD-4A32-B0B2-2F170D31ACE7}.CVE-2020-0551-CF-Prerelease|x64.Build.0 = Debug|Any CPU
		{4F161589-93BD-4A32-B0B2-2F170D31ACE7}.CVE-2020-0551-CF-Prerelease|x86.ActiveCfg = Debug|Any CPU
		{4F161589-93BD-4A32-B0B2-2F170D31ACE7}.CVE-2020-0551-CF-Prerelease|x86.Build.0 = Debug|Any CPU
		{4F161589-93BD-4A32-B0B2-2F170D31ACE7}.CVE-2020-0551-CF-Release|Any CPU.ActiveCfg = Release|Any CPU
		{4F161589-93BD-4A32-B0B2-2F170D31ACE7}.CVE-2020-0551-CF-Release|Any CPU.Build.0 = Release|Any CPU
		{4F161589-93BD-4A32-B0B2-2F170D31ACE7}.CVE-2020-0551-CF-Release|x64.ActiveCfg = Release|Any CPU
		{4F161589-93BD-4A32-B0B2-2F170D31ACE7}.CVE-2020-0551-CF-Release|x64.Build.0 = Release|Any CPU
		{4F161589-93BD-4A32-B0B2-2F170D31ACE7}.CVE-2020-0551-CF-Release|x86.ActiveCfg = Release|Any CPU
		{4F161589-93BD-4A32-B0B2-2F170D31ACE7}.CVE-2020-0551-CF-Release|x86.Build.0 = Release|Any CPU
		{4F161589-93BD-4A32-B0B2-2F170D31ACE7}.CVE-2020-0551-Load-Prerelease|Any CPU.ActiveCfg = Debug|Any CPU
		{4F161589-93BD-4A32-B0B2-2F170D31ACE7}.CVE-2020-0551-Load-Prerelease|Any CPU.Build.0 = Debug|Any CPU
		{4F161589-93BD-4A32-B0B2-2F170D31ACE7}.CVE-2020-0551-Load-Prerelease|x64.ActiveCfg = Debug|Any CPU
		{4F161589-93BD-4A32-B0B2-2F170D31ACE7}.CVE-2020-0551-Load-Prerelease|x64.Build.0 = Debug|Any CPU
		{4F161589-93BD-4A32-B0B2-2F170D31ACE7}.CVE-2020-0551-Load-Prerelease|x86.ActiveCfg = Debug|Any CPU
		{4F161589-93BD-4A32-B0B2-2F170D31ACE7}.CVE-2020-0551-Load-Prerelease|x86.Build.0 = Debug|Any CPU
		{4F161589-93BD-4A32-B0B2-2F170D31ACE7}.CVE-2020-0551-Load-Release|Any CPU.ActiveCfg = Release|Any CPU
		{4F161589-93BD-4A32-B0B2-2F170D31ACE7}.CVE-2020-0551-Load-Release|Any CPU.Build.0 = Release|Any CPU
		{4F161589-93BD-4A32-B0B2-2F170D31ACE7}.CVE-2020-0551-Load-Release|x64.ActiveCfg = Release|Any CPU
		{4F161589-93BD-4A32-B0B2-2F170D31ACE7}.CVE-2020-0551-Load-Release|x64.Build.0 = Release|Any CPU
		{4F161589-93BD-4A32-B0B2-2F170D31ACE7}.CVE-2020-0551-Load-Release|x86.ActiveCfg = Release|Any CPU
		{4F161589-93BD-4A32-B0B2-2F170D31ACE7}.CVE-2020-0551-Load-Release|x86.Build.0 = Release|Any CPU
		{4F161589-93BD-4A32-B0B2-2F170D31ACE7}.Debug|Any CPU.ActiveCfg = Debug|Any CPU
		{4F161589-93BD-4A32-B0B2-2F170D31ACE7}.Debug|Any CPU.Build.0 = Debug|Any CPU
		{4F161589-93BD-4A32-B0B2-2F170D31ACE7}.Debug|x64.ActiveCfg = Debug|Any CPU
		{4F161589-93BD-4A32-B0B2-2F170D31ACE7}.Debug|x64.Build.0 = Debug|Any CPU
		{4F161589-93BD-4A32-B0B2-2F170D31ACE7}.Debug|x86.ActiveCfg = Debug|Any CPU
		{4F161589-93BD-4A32-B0B2-2F170D31ACE7}.Debug|x86.Build.0 = Debug|Any CPU
		{4F161589-93BD-4A32-B0B2-2F170D31ACE7}.Prerelease|Any CPU.ActiveCfg = Debug|Any CPU
		{4F161589-93BD-4A32-B0B2-2F170D31ACE7}.Prerelease|Any CPU.Build.0 = Debug|Any CPU
		{4F161589-93BD-4A32-B0B2-2F170D31ACE7}.Prerelease|x64.ActiveCfg = Debug|Any CPU
		{4F161589-93BD-4A32-B0B2-2F170D31ACE7}.Prerelease|x64.Build.0 = Debug|Any CPU
		{4F161589-93BD-4A32-B0B2-2F170D31ACE7}.Prerelease|x86.ActiveCfg = Debug|Any CPU
		{4F161589-93BD-4A32-B0B2-2F170D31ACE7}.Prerelease|x86.Build.0 = Debug|Any CPU
		{4F161589-93BD-4A32-B0B2-2F170D31ACE7}.Release|Any CPU.ActiveCfg = Release|Any CPU
		{4F161589-93BD-4A32-B0B2-2F170D31ACE7}.Release|Any CPU.Build.0 = Release|Any CPU
		{4F161589-93BD-4A32-B0B2-2F170D31ACE7}.Release|x64.ActiveCfg = Release|Any CPU
		{4F161589-93BD-4A32-B0B2-2F170D31ACE7}.Release|x64.Build.0 = Release|Any CPU
		{4F161589-93BD-4A32-B0B2-2F170D31ACE7}.Release|x86.ActiveCfg = Release|Any CPU
		{4F161589-93BD-4A32-B0B2-2F170D31ACE7}.Release|x86.Build.0 = Release|Any CPU
		{4F161589-93BD-4A32-B0B2-2F170D31ACE7}.Simulation|Any CPU.ActiveCfg = Debug|Any CPU
		{4F161589-93BD-4A32-B0B2-2F170D31ACE7}.Simulation|Any CPU.Build.0 = Debug|Any CPU
		{4F161589-93BD-4A32-B0B2-2F170D31ACE7}.Simulation|x64.ActiveCfg = Debug|Any CPU
		{4F161589-93BD-4A32-B0B2-2F170D31ACE7}.Simulation|x64.Build.0 = Debug|Any CPU
		{4F161589-93BD-4A32-B0B2-2F170D31ACE7}.Simulation|x86.ActiveCfg = Debug|Any CPU
		{4F161589-93BD-4A32-B0B2-2F170D31ACE7}.Simulation|x86.Build.0 = Debug|Any CPU
		{0638CACE-9F9C-4EB8-BAFE-3CE58F4B0FA8}.CVE-2020-0551-CF-Prerelease|Any CPU.ActiveCfg = Debug|Any CPU
		{0638CACE-9F9C-4EB8-BAFE-3CE58F4B0FA8}.CVE-2020-0551-CF-Prerelease|Any CPU.Build.0 = Debug|Any CPU
		{0638CACE-9F9C-4EB8-BAFE-3CE58F4B0FA8}.CVE-2020-0551-CF-Prerelease|x64.ActiveCfg = Debug|Any CPU
		{0638CACE-9F9C-4EB8-BAFE-3CE58F4B0FA8}.CVE-2020-0551-CF-Prerelease|x64.Build.0 = Debug|Any CPU
		{0638CACE-9F9C-4EB8-BAFE-3CE58F4B0FA8}.CVE-2020-0551-CF-Prerelease|x86.ActiveCfg = Debug|Any CPU
		{0638CACE-9F9C-4EB8-BAFE-3CE58F4B0FA8}.CVE-2020-0551-CF-Prerelease|x86.Build.0 = Debug|Any CPU
		{0638CACE-9F9C-4EB8-BAFE-3CE58F4B0FA8}.CVE-2020-0551-CF-Release|Any CPU.ActiveCfg = Release|Any CPU
		{0638CACE-9F9C-4EB8-BAFE-3CE58F4B0FA8}.CVE-2020-0551-CF-Release|Any CPU.Build.0 = Release|Any CPU
		{0638CACE-9F9C-4EB8-BAFE-3CE58F4B0FA8}.CVE-2020-0551-CF-Release|x64.ActiveCfg = Release|Any CPU
		{0638CACE-9F9C-4EB8-BAFE-3CE58F4B0FA8}.CVE-2020-0551-CF-Release|x64.Build.0 = Release|Any CPU
		{0638CACE-9F9C-4EB8-BAFE-3CE58F4B0FA8}.CVE-2020-0551-CF-Release|x86.ActiveCfg = Release|Any CPU
		{0638CACE-9F9C-4EB8-BAFE-3CE58F4B0FA8}.CVE-2020-0551-CF-Release|x86.Build.0 = Release|Any CPU
		{0638CACE-9F9C-4EB8-BAFE-3CE58F4B0FA8}.CVE-2020-0551-Load-Prerelease|Any CPU.ActiveCfg = Debug|Any CPU
		{0638CACE-9F9C-4EB8-BAFE-3CE58F4B0FA8}.CVE-2020-0551-Load-Prerelease|Any CPU.Build.0 = Debug|Any CPU
		{0638CACE-9F9C-4EB8-BAFE-3CE58F4B0FA8}.CVE-2020-0551-Load-Prerelease|x64.ActiveCfg = Debug|Any CPU
		{0638CACE-9F9C-4EB8-BAFE-3CE58F4B0FA8}.CVE-2020-0551-Load-Prerelease|x64.Build.0 = Debug|Any CPU
		{0638CACE-9F9C-4EB8-BAFE-3CE58F4B0FA8}.CVE-2020-0551-Load-Prerelease|x86.ActiveCfg = Debug|Any CPU
		{0638CACE-9F9C-4EB8-BAFE-3CE58F4B0FA8}.CVE-2020-0551-Load-Prerelease|x86.Build.0 = Debug|Any CPU
		{0638CACE-9F9C-4EB8-BAFE-3CE58F4B0FA8}.CVE-2020-0551-Load-Release|Any CPU.ActiveCfg = Release|Any CPU
		{0638CACE-9F9C-4EB8-BAFE-3CE58F4B0FA8}.CVE-2020-0551-Load-Release|Any CPU.Build.0 = Release|Any CPU
		{0638CACE-9F9C-4EB8-BAFE-3CE58F4B0FA8}.CVE-2020-0551-Load-Release|x64.ActiveCfg = Release|Any CPU
		{0638CACE-9F9C-4EB8-BAFE-3CE58F4B0FA8}.CVE-2020-0551-Load-Release|x64.Build.0 = Release|Any CPU
		{0638CACE-9F9C-4EB8-BAFE-3CE58F4B0FA8}.CVE-2020-0551-Load-Release|x86.ActiveCfg = Release|Any CPU
		{0638CACE-9F9C-4EB8-BAFE-3CE58F4B0FA8}.CVE-2020-0551-Load-Release|x86.Build.0 = Release|Any CPU
		{0638CACE-9F9C-4EB8-BAFE-3CE58F4B0FA8}.Debug|Any CPU.ActiveCfg = Debug|Any CPU
		{0638CACE-9F9C-4EB8-BAFE-3CE58F4B0FA8}.Debug|Any CPU.Build.0 = Debug|Any CPU
		{0638CACE-9F9C-4EB8-BAFE-3CE58F4B0FA8}.Debug|x64.ActiveCfg = Debug|Any CPU
		{0638CACE-9F9C-4EB8-BAFE-3CE58F4B0FA8}.Debug|x64.Build.0 = Debug|Any CPU
		{0638CACE-9F9C-4EB8-BAFE-3CE58F4B0FA8}.Debug|x86.ActiveCfg = Debug|Any CPU
		{0638CACE-9F9C-4EB8-BAFE-3CE58F4B0FA8}.Debug|x86.Build.0 = Debug|Any CPU
		{0638CACE-9F9C-4EB8-BAFE-3CE58F4B0FA8}.Prerelease|Any CPU.ActiveCfg = Debug|Any CPU
		{0638CACE-9F9C-4EB8-BAFE-3CE58F4B0FA8}.Prerelease|Any CPU.Build.0 = Debug|Any CPU
		{0638CACE-9F9C-4EB8-BAFE-3CE58F4B0FA8}.Prerelease|x64.ActiveCfg = Debug|Any CPU
		{0638CACE-9F9C-4EB8-BAFE-3CE58F4B0FA8}.Prerelease|x64.Build.0 = Debug|Any CPU
		{0638CACE-9F9C-4EB8-BAFE-3CE58F4B0FA8}.Prerelease|x86.ActiveCfg = Debug|Any CPU
		{0638CACE-9F9C-4EB8-BAFE-3CE58F4B0FA8}.Prerelease|x86.Build.0 = Debug|Any CPU
		{0638CACE-9F9C-4EB8-BAFE-3CE58F4B0FA8}.Release|Any CPU.ActiveCfg = Release|Any CPU
		{0638CACE-9F9C-4EB8-BAFE-3CE58F4B0FA8}.Release|Any CPU.Build.0 = Release|Any CPU
		{0638CACE-9F9C-4EB8-BAFE-3CE58F4B0FA8}.Release|x64.ActiveCfg = Release|Any CPU
		{0638CACE-9F9C-4EB8-BAFE-3CE58F4B0FA8}.Release|x64.Build.0 = Release|Any CPU
		{0638CACE-9F9C-4EB8-BAFE-3CE58F4B0FA8}.Release|x86.ActiveCfg = Release|Any CPU
		{0638CACE-9F9C-4EB8-BAFE-3CE58F4B0FA8}.Release|x86.Build.0 = Release|Any CPU
		{0638CACE-9F9C-4EB8-BAFE-3CE58F4B0FA8}.Simulation|Any CPU.ActiveCfg = Debug|Any CPU
		{0638CACE-9F9C-4EB8-BAFE-3CE58F4B0FA8}.Simulation|Any CPU.Build.0 = Debug|Any CPU
		{0638CACE-9F9C-4EB8-BAFE-3CE58F4B0FA8}.Simulation|x64.ActiveCfg = Debug|Any CPU
		{0638CACE-9F9C-4EB8-BAFE-3CE58F4B0FA8}.Simulation|x64.Build.0 = Debug|Any CPU
		{0638CACE-9F9C-4EB8-BAFE-3CE58F4B0FA8}.Simulation|x86.ActiveCfg = Debug|Any CPU
		{0638CACE-9F9C-4EB8-BAFE-3CE58F4B0FA8}.Simulation|x86.Build.0 = Debug|Any CPU
	EndGlobalSection
	GlobalSection(SolutionProperties) = preSolution
		HideSolutionNode = FALSE
	EndGlobalSection
	GlobalSection(ExtensibilityGlobals) = postSolution
		SolutionGuid = {02DDC4E4-588A-4DB4-856E-A3EEB286E3BD}
	EndGlobalSection
EndGlobal
